// !$*UTF8*$!
{
	archiveVersion = 1;
	classes = {
	};
	objectVersion = 50;
	objects = {

/* Begin PBXBuildFile section */
		C30A5B4D23E119CF00CB850F /* AppDelegate.swift in Sources */ = {isa = PBXBuildFile; fileRef = C30A5B4C23E119CF00CB850F /* AppDelegate.swift */; };
		C30A5B4F23E119CF00CB850F /* SceneDelegate.swift in Sources */ = {isa = PBXBuildFile; fileRef = C30A5B4E23E119CF00CB850F /* SceneDelegate.swift */; };
		C30A5B5123E119CF00CB850F /* ViewController.swift in Sources */ = {isa = PBXBuildFile; fileRef = C30A5B5023E119CF00CB850F /* ViewController.swift */; };
		C30A5B5423E119CF00CB850F /* Main.storyboard in Resources */ = {isa = PBXBuildFile; fileRef = C30A5B5223E119CF00CB850F /* Main.storyboard */; };
		C30A5B5623E119D200CB850F /* Assets.xcassets in Resources */ = {isa = PBXBuildFile; fileRef = C30A5B5523E119D200CB850F /* Assets.xcassets */; };
		C30A5B5923E119D200CB850F /* LaunchScreen.storyboard in Resources */ = {isa = PBXBuildFile; fileRef = C30A5B5723E119D200CB850F /* LaunchScreen.storyboard */; };
		C30A5B6123E11A5800CB850F /* MKSwitch.swift in Sources */ = {isa = PBXBuildFile; fileRef = C30A5B6023E11A5800CB850F /* MKSwitch.swift */; };
/* End PBXBuildFile section */

/* Begin PBXFileReference section */
		C30A5B4923E119CF00CB850F /* MKSwitch.app */ = {isa = PBXFileReference; explicitFileType = wrapper.application; includeInIndex = 0; path = MKSwitch.app; sourceTree = BUILT_PRODUCTS_DIR; };
		C30A5B4C23E119CF00CB850F /* AppDelegate.swift */ = {isa = PBXFileReference; lastKnownFileType = sourcecode.swift; path = AppDelegate.swift; sourceTree = "<group>"; };
		C30A5B4E23E119CF00CB850F /* SceneDelegate.swift */ = {isa = PBXFileReference; lastKnownFileType = sourcecode.swift; path = SceneDelegate.swift; sourceTree = "<group>"; };
		C30A5B5023E119CF00CB850F /* ViewController.swift */ = {isa = PBXFileReference; lastKnownFileType = sourcecode.swift; path = ViewController.swift; sourceTree = "<group>"; };
		C30A5B5323E119CF00CB850F /* Base */ = {isa = PBXFileReference; lastKnownFileType = file.storyboard; name = Base; path = Base.lproj/Main.storyboard; sourceTree = "<group>"; };
		C30A5B5523E119D200CB850F /* Assets.xcassets */ = {isa = PBXFileReference; lastKnownFileType = folder.assetcatalog; path = Assets.xcassets; sourceTree = "<group>"; };
		C30A5B5823E119D200CB850F /* Base */ = {isa = PBXFileReference; lastKnownFileType = file.storyboard; name = Base; path = Base.lproj/LaunchScreen.storyboard; sourceTree = "<group>"; };
		C30A5B5A23E119D200CB850F /* Info.plist */ = {isa = PBXFileReference; lastKnownFileType = text.plist.xml; path = Info.plist; sourceTree = "<group>"; };
		C30A5B6023E11A5800CB850F /* MKSwitch.swift */ = {isa = PBXFileReference; lastKnownFileType = sourcecode.swift; path = MKSwitch.swift; sourceTree = "<group>"; };
/* End PBXFileReference section */

/* Begin PBXFrameworksBuildPhase section */
		C30A5B4623E119CF00CB850F /* Frameworks */ = {
			isa = PBXFrameworksBuildPhase;
			buildActionMask = 2147483647;
			files = (
			);
			runOnlyForDeploymentPostprocessing = 0;
		};
/* End PBXFrameworksBuildPhase section */

/* Begin PBXGroup section */
		C30A5B4023E119CF00CB850F = {
			isa = PBXGroup;
			children = (
				C30A5B4B23E119CF00CB850F /* MKSwitch */,
				C30A5B4A23E119CF00CB850F /* Products */,
			);
			sourceTree = "<group>";
		};
		C30A5B4A23E119CF00CB850F /* Products */ = {
			isa = PBXGroup;
			children = (
				C30A5B4923E119CF00CB850F /* MKSwitch.app */,
			);
			name = Products;
			sourceTree = "<group>";
		};
		C30A5B4B23E119CF00CB850F /* MKSwitch */ = {
			isa = PBXGroup;
			children = (
				C30A5B6223E1491200CB850F /* Resource */,
				C30A5B5023E119CF00CB850F /* ViewController.swift */,
				C30A5B6023E11A5800CB850F /* MKSwitch.swift */,
			);
			path = MKSwitch;
			sourceTree = "<group>";
		};
		C30A5B6223E1491200CB850F /* Resource */ = {
			isa = PBXGroup;
			children = (
				C30A5B4C23E119CF00CB850F /* AppDelegate.swift */,
				C30A5B4E23E119CF00CB850F /* SceneDelegate.swift */,
				C30A5B5223E119CF00CB850F /* Main.storyboard */,
				C30A5B5523E119D200CB850F /* Assets.xcassets */,
				C30A5B5723E119D200CB850F /* LaunchScreen.storyboard */,
				C30A5B5A23E119D200CB850F /* Info.plist */,
			);
			path = Resource;
			sourceTree = "<group>";
		};
/* End PBXGroup section */

/* Begin PBXNativeTarget section */
		C30A5B4823E119CF00CB850F /* MKSwitch */ = {
			isa = PBXNativeTarget;
			buildConfigurationList = C30A5B5D23E119D200CB850F /* Build configuration list for PBXNativeTarget "MKSwitch" */;
			buildPhases = (
				C30A5B4523E119CF00CB850F /* Sources */,
				C30A5B4623E119CF00CB850F /* Frameworks */,
				C30A5B4723E119CF00CB850F /* Resources */,
			);
			buildRules = (
			);
			dependencies = (
			);
			name = MKSwitch;
			productName = NewSwitch;
			productReference = C30A5B4923E119CF00CB850F /* MKSwitch.app */;
			productType = "com.apple.product-type.application";
		};
/* End PBXNativeTarget section */

/* Begin PBXProject section */
		C30A5B4123E119CF00CB850F /* Project object */ = {
			isa = PBXProject;
			attributes = {
				LastSwiftUpdateCheck = 1130;
				LastUpgradeCheck = 1130;
				ORGANIZATIONNAME = Seokho;
				TargetAttributes = {
					C30A5B4823E119CF00CB850F = {
						CreatedOnToolsVersion = 11.3.1;
					};
				};
			};
			buildConfigurationList = C30A5B4423E119CF00CB850F /* Build configuration list for PBXProject "MKSwitch" */;
			compatibilityVersion = "Xcode 9.3";
			developmentRegion = en;
			hasScannedForEncodings = 0;
			knownRegions = (
				en,
				Base,
			);
			mainGroup = C30A5B4023E119CF00CB850F;
			productRefGroup = C30A5B4A23E119CF00CB850F /* Products */;
			projectDirPath = "";
			projectRoot = "";
			targets = (
				C30A5B4823E119CF00CB850F /* MKSwitch */,
			);
		};
/* End PBXProject section */

/* Begin PBXResourcesBuildPhase section */
		C30A5B4723E119CF00CB850F /* Resources */ = {
			isa = PBXResourcesBuildPhase;
			buildActionMask = 2147483647;
			files = (
				C30A5B5923E119D200CB850F /* LaunchScreen.storyboard in Resources */,
				C30A5B5623E119D200CB850F /* Assets.xcassets in Resources */,
				C30A5B5423E119CF00CB850F /* Main.storyboard in Resources */,
			);
			runOnlyForDeploymentPostprocessing = 0;
		};
/* End PBXResourcesBuildPhase section */

/* Begin PBXSourcesBuildPhase section */
		C30A5B4523E119CF00CB850F /* Sources */ = {
			isa = PBXSourcesBuildPhase;
			buildActionMask = 2147483647;
			files = (
				C30A5B5123E119CF00CB850F /* ViewController.swift in Sources */,
				C30A5B4D23E119CF00CB850F /* AppDelegate.swift in Sources */,
				C30A5B6123E11A5800CB850F /* MKSwitch.swift in Sources */,
				C30A5B4F23E119CF00CB850F /* SceneDelegate.swift in Sources */,
			);
			runOnlyForDeploymentPostprocessing = 0;
		};
/* End PBXSourcesBuildPhase section */

/* Begin PBXVariantGroup section */
		C30A5B5223E119CF00CB850F /* Main.storyboard */ = {
			isa = PBXVariantGroup;
			children = (
				C30A5B5323E119CF00CB850F /* Base */,
			);
			name = Main.storyboard;
			sourceTree = "<group>";
		};
		C30A5B5723E119D200CB850F /* LaunchScreen.storyboard */ = {
			isa = PBXVariantGroup;
			children = (
				C30A5B5823E119D200CB850F /* Base */,
			);
			name = LaunchScreen.storyboard;
			sourceTree = "<group>";
		};
/* End PBXVariantGroup section */

/* Begin XCBuildConfiguration section */
		C30A5B5B23E119D200CB850F /* Debug */ = {
			isa = XCBuildConfiguration;
			buildSettings = {
				ALWAYS_SEARCH_USER_PATHS = NO;
				CLANG_ANALYZER_NONNULL = YES;
				CLANG_ANALYZER_NUMBER_OBJECT_CONVERSION = YES_AGGRESSIVE;
				CLANG_CXX_LANGUAGE_STANDARD = "gnu++14";
				CLANG_CXX_LIBRARY = "libc++";
				CLANG_ENABLE_MODULES = YES;
				CLANG_ENABLE_OBJC_ARC = YES;
				CLANG_ENABLE_OBJC_WEAK = YES;
				CLANG_WARN_BLOCK_CAPTURE_AUTORELEASING = YES;
				CLANG_WARN_BOOL_CONVERSION = YES;
				CLANG_WARN_COMMA = YES;
				CLANG_WARN_CONSTANT_CONVERSION = YES;
				CLANG_WARN_DEPRECATED_OBJC_IMPLEMENTATIONS = YES;
				CLANG_WARN_DIRECT_OBJC_ISA_USAGE = YES_ERROR;
				CLANG_WARN_DOCUMENTATION_COMMENTS = YES;
				CLANG_WARN_EMPTY_BODY = YES;
				CLANG_WARN_ENUM_CONVERSION = YES;
				CLANG_WARN_INFINITE_RECURSION = YES;
				CLANG_WARN_INT_CONVERSION = YES;
				CLANG_WARN_NON_LITERAL_NULL_CONVERSION = YES;
				CLANG_WARN_OBJC_IMPLICIT_RETAIN_SELF = YES;
				CLANG_WARN_OBJC_LITERAL_CONVERSION = YES;
				CLANG_WARN_OBJC_ROOT_CLASS = YES_ERROR;
				CLANG_WARN_RANGE_LOOP_ANALYSIS = YES;
				CLANG_WARN_STRICT_PROTOTYPES = YES;
				CLANG_WARN_SUSPICIOUS_MOVE = YES;
				CLANG_WARN_UNGUARDED_AVAILABILITY = YES_AGGRESSIVE;
				CLANG_WARN_UNREACHABLE_CODE = YES;
				CLANG_WARN__DUPLICATE_METHOD_MATCH = YES;
				COPY_PHASE_STRIP = NO;
				DEBUG_INFORMATION_FORMAT = dwarf;
				ENABLE_STRICT_OBJC_MSGSEND = YES;
				ENABLE_TESTABILITY = YES;
				GCC_C_LANGUAGE_STANDARD = gnu11;
				GCC_DYNAMIC_NO_PIC = NO;
				GCC_NO_COMMON_BLOCKS = YES;
				GCC_OPTIMIZATION_LEVEL = 0;
				GCC_PREPROCESSOR_DEFINITIONS = (
					"DEBUG=1",
					"$(inherited)",
				);
				GCC_WARN_64_TO_32_BIT_CONVERSION = YES;
				GCC_WARN_ABOUT_RETURN_TYPE = YES_ERROR;
				GCC_WARN_UNDECLARED_SELECTOR = YES;
				GCC_WARN_UNINITIALIZED_AUTOS = YES_AGGRESSIVE;
				GCC_WARN_UNUSED_FUNCTION = YES;
				GCC_WARN_UNUSED_VARIABLE = YES;
				IPHONEOS_DEPLOYMENT_TARGET = 13.2;
				MTL_ENABLE_DEBUG_INFO = INCLUDE_SOURCE;
				MTL_FAST_MATH = YES;
				ONLY_ACTIVE_ARCH = YES;
				SDKROOT = iphoneos;
				SWIFT_ACTIVE_COMPILATION_CONDITIONS = DEBUG;
				SWIFT_OPTIMIZATION_LEVEL = "-Onone";
			};
			name = Debug;
		};
		C30A5B5C23E119D200CB850F /* Release */ = {
			isa = XCBuildConfiguration;
			buildSettings = {
				ALWAYS_SEARCH_USER_PATHS = NO;
				CLANG_ANALYZER_NONNULL = YES;
				CLANG_ANALYZER_NUMBER_OBJECT_CONVERSION = YES_AGGRESSIVE;
				CLANG_CXX_LANGUAGE_STANDARD = "gnu++14";
				CLANG_CXX_LIBRARY = "libc++";
				CLANG_ENABLE_MODULES = YES;
				CLANG_ENABLE_OBJC_ARC = YES;
				CLANG_ENABLE_OBJC_WEAK = YES;
				CLANG_WARN_BLOCK_CAPTURE_AUTORELEASING = YES;
				CLANG_WARN_BOOL_CONVERSION = YES;
				CLANG_WARN_COMMA = YES;
				CLANG_WARN_CONSTANT_CONVERSION = YES;
				CLANG_WARN_DEPRECATED_OBJC_IMPLEMENTATIONS = YES;
				CLANG_WARN_DIRECT_OBJC_ISA_USAGE = YES_ERROR;
				CLANG_WARN_DOCUMENTATION_COMMENTS = YES;
				CLANG_WARN_EMPTY_BODY = YES;
				CLANG_WARN_ENUM_CONVERSION = YES;
				CLANG_WARN_INFINITE_RECURSION = YES;
				CLANG_WARN_INT_CONVERSION = YES;
				CLANG_WARN_NON_LITERAL_NULL_CONVERSION = YES;
				CLANG_WARN_OBJC_IMPLICIT_RETAIN_SELF = YES;
				CLANG_WARN_OBJC_LITERAL_CONVERSION = YES;
				CLANG_WARN_OBJC_ROOT_CLASS = YES_ERROR;
				CLANG_WARN_RANGE_LOOP_ANALYSIS = YES;
				CLANG_WARN_STRICT_PROTOTYPES = YES;
				CLANG_WARN_SUSPICIOUS_MOVE = YES;
				CLANG_WARN_UNGUARDED_AVAILABILITY = YES_AGGRESSIVE;
				CLANG_WARN_UNREACHABLE_CODE = YES;
				CLANG_WARN__DUPLICATE_METHOD_MATCH = YES;
				COPY_PHASE_STRIP = NO;
				DEBUG_INFORMATION_FORMAT = "dwarf-with-dsym";
				ENABLE_NS_ASSERTIONS = NO;
				ENABLE_STRICT_OBJC_MSGSEND = YES;
				GCC_C_LANGUAGE_STANDARD = gnu11;
				GCC_NO_COMMON_BLOCKS = YES;
				GCC_WARN_64_TO_32_BIT_CONVERSION = YES;
				GCC_WARN_ABOUT_RETURN_TYPE = YES_ERROR;
				GCC_WARN_UNDECLARED_SELECTOR = YES;
				GCC_WARN_UNINITIALIZED_AUTOS = YES_AGGRESSIVE;
				GCC_WARN_UNUSED_FUNCTION = YES;
				GCC_WARN_UNUSED_VARIABLE = YES;
				IPHONEOS_DEPLOYMENT_TARGET = 13.2;
				MTL_ENABLE_DEBUG_INFO = NO;
				MTL_FAST_MATH = YES;
				SDKROOT = iphoneos;
				SWIFT_COMPILATION_MODE = wholemodule;
				SWIFT_OPTIMIZATION_LEVEL = "-O";
				VALIDATE_PRODUCT = YES;
			};
			name = Release;
		};
		C30A5B5E23E119D200CB850F /* Debug */ = {
			isa = XCBuildConfiguration;
			buildSettings = {
				ASSETCATALOG_COMPILER_APPICON_NAME = AppIcon;
				CODE_SIGN_STYLE = Automatic;
				DEVELOPMENT_TEAM = 5BY5MQ6875;
				INFOPLIST_FILE = MKSwitch/Resource/Info.plist;
				IPHONEOS_DEPLOYMENT_TARGET = 13.0;
				LD_RUNPATH_SEARCH_PATHS = (
					"$(inherited)",
					"@executable_path/Frameworks",
				);
				PRODUCT_BUNDLE_IDENTIFIER = com.milkyo.app.NewSwitch;
				PRODUCT_NAME = "$(TARGET_NAME)";
				SWIFT_VERSION = 5.0;
				TARGETED_DEVICE_FAMILY = "1,2";
			};
			name = Debug;
		};
		C30A5B5F23E119D200CB850F /* Release */ = {
			isa = XCBuildConfiguration;
			buildSettings = {
				ASSETCATALOG_COMPILER_APPICON_NAME = AppIcon;
				CODE_SIGN_STYLE = Automatic;
				DEVELOPMENT_TEAM = 5BY5MQ6875;
				INFOPLIST_FILE = MKSwitch/Resource/Info.plist;
				IPHONEOS_DEPLOYMENT_TARGET = 13.0;
				LD_RUNPATH_SEARCH_PATHS = (
					"$(inherited)",
					"@executable_path/Frameworks",
				);
				PRODUCT_BUNDLE_IDENTIFIER = com.milkyo.app.NewSwitch;
				PRODUCT_NAME = "$(TARGET_NAME)";
				SWIFT_VERSION = 5.0;
				TARGETED_DEVICE_FAMILY = "1,2";
			};
			name = Release;
		};
/* End XCBuildConfiguration section */

/* Begin XCConfigurationList section */
		C30A5B4423E119CF00CB850F /* Build configuration list for PBXProject "MKSwitch" */ = {
			isa = XCConfigurationList;
			buildConfigurations = (
				C30A5B5B23E119D200CB850F /* Debug */,
				C30A5B5C23E119D200CB850F /* Release */,
			);
			defaultConfigurationIsVisible = 0;
			defaultConfigurationName = Release;
		};
		C30A5B5D23E119D200CB850F /* Build configuration list for PBXNativeTarget "MKSwitch" */ = {
			isa = XCConfigurationList;
			buildConfigurations = (
				C30A5B5E23E119D200CB850F /* Debug */,
				C30A5B5F23E119D200CB850F /* Release */,
			);
			defaultConfigurationIsVisible = 0;
			defaultConfigurationName = Release;
		};
/* End XCConfigurationList section */
	};
	rootObject = C30A5B4123E119CF00CB850F /* Project object */;
}
